
Microsoft Visual Studio Solution File, Format Version 12.00
# Visual Studio Version 16
VisualStudioVersion = 16.0.30413.136
MinimumVisualStudioVersion = 10.0.40219.1
Project("{F184B08F-C81C-45F6-A57F-5ABD9991F28F}") = "Registro_Datos", "Registro_Datos\Registro_Datos.vbproj", "{7780D3C1-4C58-4CD1-8BF5-232C693283ED}"
EndProject
Global
	GlobalSection(SolutionConfigurationPlatforms) = preSolution
		Debug|Any CPU = Debug|Any CPU
		Release|Any CPU = Release|Any CPU
	EndGlobalSection
	GlobalSection(ProjectConfigurationPlatforms) = postSolution
		{7780D3C1-4C58-4CD1-8BF5-232C693283ED}.Debug|Any CPU.ActiveCfg = Debug|Any CPU
		{7780D3C1-4C58-4CD1-8BF5-232C693283ED}.Debug|Any CPU.Build.0 = Debug|Any CPU
		{7780D3C1-4C58-4CD1-8BF5-232C693283ED}.Release|Any CPU.ActiveCfg = Release|Any CPU
		{7780D3C1-4C58-4CD1-8BF5-232C693283ED}.Release|Any CPU.Build.0 = Release|Any CPU
	EndGlobalSection
	GlobalSection(SolutionProperties) = preSolution
		HideSolutionNode = FALSE
	EndGlobalSection
	GlobalSection(ExtensibilityGlobals) = postSolution
		SolutionGuid = {8A337A10-7297-4CB7-9D6D-619E051B7623}
	EndGlobalSection
EndGlobal
